// !$*UTF8*$!
{
	archiveVersion = 1;
	classes = {
	};
	objectVersion = 46;
	objects = {

/* Begin PBXBuildFile section */
		71B4B1AB1885C7CE0027AC4F /* Cobalt.m in Sources */ = {isa = PBXBuildFile; fileRef = 71B4B1981885C7CE0027AC4F /* Cobalt.m */; };
		71B4B1AE1885C7CE0027AC4F /* CobaltViewController.m in Sources */ = {isa = PBXBuildFile; fileRef = 71B4B19F1885C7CE0027AC4F /* CobaltViewController.m */; };
		71B4B1B21885C7CE0027AC4F /* CobaltToast.m in Sources */ = {isa = PBXBuildFile; fileRef = 71B4B1A81885C7CE0027AC4F /* CobaltToast.m */; };
		8EA5A52E18DB199600330396 /* ImageManager.m in Sources */ = {isa = PBXBuildFile; fileRef = 8EA5A52D18DB199600330396 /* ImageManager.m */; };
		8EA5A53018DB1AEE00330396 /* AssetsLibrary.framework in Frameworks */ = {isa = PBXBuildFile; fileRef = 8EA5A52F18DB1AEE00330396 /* AssetsLibrary.framework */; };
		8EE6199C197FEAF500B5767C /* CobaltAbstractPlugin.m in Sources */ = {isa = PBXBuildFile; fileRef = 8EE6199B197FEAF500B5767C /* CobaltAbstractPlugin.m */; };
		8EE6199F197FF2A600B5767C /* CobaltPluginManager.m in Sources */ = {isa = PBXBuildFile; fileRef = 8EE6199E197FF2A600B5767C /* CobaltPluginManager.m */; };
		8EE619A2197FFD3A00B5767C /* CobaltLocationPlugin.m in Sources */ = {isa = PBXBuildFile; fileRef = 8EE619A1197FFD3A00B5767C /* CobaltLocationPlugin.m */; };
		BE8A3EAB1886D43C00C3B479 /* iToast.m in Sources */ = {isa = PBXBuildFile; fileRef = BE8A3EAA1886D43C00C3B479 /* iToast.m */; };
		F01A59ED1716EDB50000DD94 /* Foundation.framework in Frameworks */ = {isa = PBXBuildFile; fileRef = F01A59EC1716EDB50000DD94 /* Foundation.framework */; };
/* End PBXBuildFile section */

/* Begin PBXCopyFilesBuildPhase section */
		F01A59E71716EDB50000DD94 /* CopyFiles */ = {
			isa = PBXCopyFilesBuildPhase;
			buildActionMask = 2147483647;
			dstPath = "include/${PRODUCT_NAME}";
			dstSubfolderSpec = 16;
			files = (
			);
			runOnlyForDeploymentPostprocessing = 0;
		};
/* End PBXCopyFilesBuildPhase section */

/* Begin PBXFileReference section */
		71B4B1961885C7CE0027AC4F /* Cobalt-Prefix.pch */ = {isa = PBXFileReference; fileEncoding = 4; lastKnownFileType = sourcecode.c.h; path = "Cobalt-Prefix.pch"; sourceTree = "<group>"; };
		71B4B1971885C7CE0027AC4F /* Cobalt.h */ = {isa = PBXFileReference; fileEncoding = 4; lastKnownFileType = sourcecode.c.h; path = Cobalt.h; sourceTree = "<group>"; };
		71B4B1981885C7CE0027AC4F /* Cobalt.m */ = {isa = PBXFileReference; fileEncoding = 4; lastKnownFileType = sourcecode.c.objc; path = Cobalt.m; sourceTree = "<group>"; };
		71B4B19E1885C7CE0027AC4F /* CobaltViewController.h */ = {isa = PBXFileReference; fileEncoding = 4; lastKnownFileType = sourcecode.c.h; path = CobaltViewController.h; sourceTree = "<group>"; };
		71B4B19F1885C7CE0027AC4F /* CobaltViewController.m */ = {isa = PBXFileReference; fileEncoding = 4; lastKnownFileType = sourcecode.c.objc; path = CobaltViewController.m; sourceTree = "<group>"; };
		71B4B1A71885C7CE0027AC4F /* CobaltToast.h */ = {isa = PBXFileReference; fileEncoding = 4; lastKnownFileType = sourcecode.c.h; path = CobaltToast.h; sourceTree = "<group>"; };
		71B4B1A81885C7CE0027AC4F /* CobaltToast.m */ = {isa = PBXFileReference; fileEncoding = 4; lastKnownFileType = sourcecode.c.objc; path = CobaltToast.m; sourceTree = "<group>"; };
		8EA5A52C18DB199600330396 /* ImageManager.h */ = {isa = PBXFileReference; fileEncoding = 4; lastKnownFileType = sourcecode.c.h; name = ImageManager.h; path = Model/ImageManager.h; sourceTree = "<group>"; };
		8EA5A52D18DB199600330396 /* ImageManager.m */ = {isa = PBXFileReference; fileEncoding = 4; lastKnownFileType = sourcecode.c.objc; name = ImageManager.m; path = Model/ImageManager.m; sourceTree = "<group>"; };
		8EA5A52F18DB1AEE00330396 /* AssetsLibrary.framework */ = {isa = PBXFileReference; lastKnownFileType = wrapper.framework; name = AssetsLibrary.framework; path = System/Library/Frameworks/AssetsLibrary.framework; sourceTree = SDKROOT; };
		8EC5CADA1981030C001777FA /* plugins.plist */ = {isa = PBXFileReference; fileEncoding = 4; lastKnownFileType = text.plist.xml; path = plugins.plist; sourceTree = "<group>"; };
		8EE6199A197FEAF500B5767C /* CobaltAbstractPlugin.h */ = {isa = PBXFileReference; fileEncoding = 4; lastKnownFileType = sourcecode.c.h; path = CobaltAbstractPlugin.h; sourceTree = "<group>"; };
		8EE6199B197FEAF500B5767C /* CobaltAbstractPlugin.m */ = {isa = PBXFileReference; fileEncoding = 4; lastKnownFileType = sourcecode.c.objc; path = CobaltAbstractPlugin.m; sourceTree = "<group>"; };
		8EE6199D197FF2A600B5767C /* CobaltPluginManager.h */ = {isa = PBXFileReference; fileEncoding = 4; lastKnownFileType = sourcecode.c.h; path = CobaltPluginManager.h; sourceTree = "<group>"; };
		8EE6199E197FF2A600B5767C /* CobaltPluginManager.m */ = {isa = PBXFileReference; fileEncoding = 4; lastKnownFileType = sourcecode.c.objc; path = CobaltPluginManager.m; sourceTree = "<group>"; };
		8EE619A0197FFD3A00B5767C /* CobaltLocationPlugin.h */ = {isa = PBXFileReference; fileEncoding = 4; lastKnownFileType = sourcecode.c.h; path = CobaltLocationPlugin.h; sourceTree = "<group>"; };
		8EE619A1197FFD3A00B5767C /* CobaltLocationPlugin.m */ = {isa = PBXFileReference; fileEncoding = 4; lastKnownFileType = sourcecode.c.objc; path = CobaltLocationPlugin.m; sourceTree = "<group>"; };
		BE2FD3371918D9970092B7DB /* CobaltViewController.xib */ = {isa = PBXFileReference; fileEncoding = 4; lastKnownFileType = file.xib; path = CobaltViewController.xib; sourceTree = "<group>"; };
		BE8A3EA91886D43C00C3B479 /* iToast.h */ = {isa = PBXFileReference; fileEncoding = 4; lastKnownFileType = sourcecode.c.h; name = iToast.h; path = Cobalt/iToast.h; sourceTree = SOURCE_ROOT; };
		BE8A3EAA1886D43C00C3B479 /* iToast.m */ = {isa = PBXFileReference; fileEncoding = 4; lastKnownFileType = sourcecode.c.objc; name = iToast.m; path = Cobalt/iToast.m; sourceTree = SOURCE_ROOT; };
		F01A59E91716EDB50000DD94 /* libCobalt.a */ = {isa = PBXFileReference; explicitFileType = archive.ar; includeInIndex = 0; path = libCobalt.a; sourceTree = BUILT_PRODUCTS_DIR; };
		F01A59EC1716EDB50000DD94 /* Foundation.framework */ = {isa = PBXFileReference; lastKnownFileType = wrapper.framework; name = Foundation.framework; path = System/Library/Frameworks/Foundation.framework; sourceTree = SDKROOT; };
		F055533B1718087D00454C32 /* Javascript */ = {isa = PBXFileReference; lastKnownFileType = folder; path = Javascript; sourceTree = "<group>"; };
/* End PBXFileReference section */

/* Begin PBXFrameworksBuildPhase section */
		F01A59E61716EDB50000DD94 /* Frameworks */ = {
			isa = PBXFrameworksBuildPhase;
			buildActionMask = 2147483647;
			files = (
				8EA5A53018DB1AEE00330396 /* AssetsLibrary.framework in Frameworks */,
				F01A59ED1716EDB50000DD94 /* Foundation.framework in Frameworks */,
			);
			runOnlyForDeploymentPostprocessing = 0;
		};
/* End PBXFrameworksBuildPhase section */

/* Begin PBXGroup section */
		71B4B1951885C7CE0027AC4F /* Cobalt */ = {
			isa = PBXGroup;
			children = (
				8EE61999197FEAF500B5767C /* Plugin */,
				71B4B1961885C7CE0027AC4F /* Cobalt-Prefix.pch */,
				71B4B1971885C7CE0027AC4F /* Cobalt.h */,
				71B4B1981885C7CE0027AC4F /* Cobalt.m */,
				71B4B1991885C7CE0027AC4F /* Controllers */,
				71B4B1A61885C7CE0027AC4F /* Toast */,
				8EA5A52C18DB199600330396 /* ImageManager.h */,
				8EA5A52D18DB199600330396 /* ImageManager.m */,
			);
			path = Cobalt;
			sourceTree = "<group>";
		};
		71B4B1991885C7CE0027AC4F /* Controllers */ = {
			isa = PBXGroup;
			children = (
				BE2FD3371918D9970092B7DB /* CobaltViewController.xib */,
				71B4B19E1885C7CE0027AC4F /* CobaltViewController.h */,
				71B4B19F1885C7CE0027AC4F /* CobaltViewController.m */,
			);
			path = Controllers;
			sourceTree = "<group>";
		};
		71B4B1A61885C7CE0027AC4F /* Toast */ = {
			isa = PBXGroup;
			children = (
				71B4B1A71885C7CE0027AC4F /* CobaltToast.h */,
				71B4B1A81885C7CE0027AC4F /* CobaltToast.m */,
			);
			name = Toast;
			path = Views;
			sourceTree = "<group>";
		};
		8EE61999197FEAF500B5767C /* Plugin */ = {
			isa = PBXGroup;
			children = (
				8EE6199D197FF2A600B5767C /* CobaltPluginManager.h */,
				8EE6199E197FF2A600B5767C /* CobaltPluginManager.m */,
				8EE6199A197FEAF500B5767C /* CobaltAbstractPlugin.h */,
				8EE6199B197FEAF500B5767C /* CobaltAbstractPlugin.m */,
				8EE619A0197FFD3A00B5767C /* CobaltLocationPlugin.h */,
				8EE619A1197FFD3A00B5767C /* CobaltLocationPlugin.m */,
				8EC5CADA1981030C001777FA /* plugins.plist */,
			);
			path = Plugin;
			sourceTree = "<group>";
		};
		C4060B28171D84F6001B393E /* Toast */ = {
			isa = PBXGroup;
			children = (
				BE8A3EA91886D43C00C3B479 /* iToast.h */,
				BE8A3EAA1886D43C00C3B479 /* iToast.m */,
			);
			name = Toast;
			path = HPNativeBridge;
			sourceTree = "<group>";
		};
		F01A59E01716EDB50000DD94 = {
			isa = PBXGroup;
			children = (
				71B4B1951885C7CE0027AC4F /* Cobalt */,
				F055533B1718087D00454C32 /* Javascript */,
				F01A59EB1716EDB50000DD94 /* Frameworks */,
				F01A59EA1716EDB50000DD94 /* Products */,
			);
			sourceTree = "<group>";
		};
		F01A59EA1716EDB50000DD94 /* Products */ = {
			isa = PBXGroup;
			children = (
				F01A59E91716EDB50000DD94 /* libCobalt.a */,
			);
			name = Products;
			sourceTree = "<group>";
		};
		F01A59EB1716EDB50000DD94 /* Frameworks */ = {
			isa = PBXGroup;
			children = (
				C4060B28171D84F6001B393E /* Toast */,
				8EA5A52F18DB1AEE00330396 /* AssetsLibrary.framework */,
				F01A59EC1716EDB50000DD94 /* Foundation.framework */,
			);
			name = Frameworks;
			sourceTree = "<group>";
		};
/* End PBXGroup section */

/* Begin PBXNativeTarget section */
		F01A59E81716EDB50000DD94 /* Cobalt */ = {
			isa = PBXNativeTarget;
			buildConfigurationList = F01A59F71716EDB50000DD94 /* Build configuration list for PBXNativeTarget "Cobalt" */;
			buildPhases = (
				F01A59E51716EDB50000DD94 /* Sources */,
				F01A59E61716EDB50000DD94 /* Frameworks */,
				F01A59E71716EDB50000DD94 /* CopyFiles */,
			);
			buildRules = (
			);
			dependencies = (
			);
			name = Cobalt;
			productName = HPNativeBridge;
			productReference = F01A59E91716EDB50000DD94 /* libCobalt.a */;
			productType = "com.apple.product-type.library.static";
		};
/* End PBXNativeTarget section */

/* Begin PBXProject section */
		F01A59E11716EDB50000DD94 /* Project object */ = {
			isa = PBXProject;
			attributes = {
				LastUpgradeCheck = 0510;
				ORGANIZATIONNAME = Haploid;
			};
			buildConfigurationList = F01A59E41716EDB50000DD94 /* Build configuration list for PBXProject "Cobalt" */;
			compatibilityVersion = "Xcode 3.2";
			developmentRegion = English;
			hasScannedForEncodings = 0;
			knownRegions = (
				en,
			);
			mainGroup = F01A59E01716EDB50000DD94;
			productRefGroup = F01A59EA1716EDB50000DD94 /* Products */;
			projectDirPath = "";
			projectRoot = "";
			targets = (
				F01A59E81716EDB50000DD94 /* Cobalt */,
			);
		};
/* End PBXProject section */

/* Begin PBXSourcesBuildPhase section */
		F01A59E51716EDB50000DD94 /* Sources */ = {
			isa = PBXSourcesBuildPhase;
			buildActionMask = 2147483647;
			files = (
				BE8A3EAB1886D43C00C3B479 /* iToast.m in Sources */,
				8EE6199F197FF2A600B5767C /* CobaltPluginManager.m in Sources */,
				71B4B1AB1885C7CE0027AC4F /* Cobalt.m in Sources */,
				8EA5A52E18DB199600330396 /* ImageManager.m in Sources */,
				8EE6199C197FEAF500B5767C /* CobaltAbstractPlugin.m in Sources */,
				71B4B1AE1885C7CE0027AC4F /* CobaltViewController.m in Sources */,
				8EE619A2197FFD3A00B5767C /* CobaltLocationPlugin.m in Sources */,
				71B4B1B21885C7CE0027AC4F /* CobaltToast.m in Sources */,
			);
			runOnlyForDeploymentPostprocessing = 0;
		};
/* End PBXSourcesBuildPhase section */

/* Begin XCBuildConfiguration section */
		F01A59F51716EDB50000DD94 /* Debug */ = {
			isa = XCBuildConfiguration;
			buildSettings = {
				ALWAYS_SEARCH_USER_PATHS = NO;
				CLANG_CXX_LANGUAGE_STANDARD = "gnu++0x";
				CLANG_CXX_LIBRARY = "libc++";
				CLANG_ENABLE_OBJC_ARC = YES;
				CLANG_WARN_CONSTANT_CONVERSION = YES;
				CLANG_WARN_EMPTY_BODY = YES;
				CLANG_WARN_ENUM_CONVERSION = YES;
				CLANG_WARN_INT_CONVERSION = YES;
				CLANG_WARN__DUPLICATE_METHOD_MATCH = YES;
				COPY_PHASE_STRIP = NO;
				GCC_C_LANGUAGE_STANDARD = gnu99;
				GCC_DYNAMIC_NO_PIC = NO;
				GCC_OPTIMIZATION_LEVEL = 0;
				GCC_PREPROCESSOR_DEFINITIONS = (
					"DEBUG=1",
					"$(inherited)",
				);
				GCC_SYMBOLS_PRIVATE_EXTERN = NO;
				GCC_WARN_ABOUT_RETURN_TYPE = YES;
				GCC_WARN_UNINITIALIZED_AUTOS = YES;
				GCC_WARN_UNUSED_VARIABLE = YES;
				IPHONEOS_DEPLOYMENT_TARGET = 5.0;
				ONLY_ACTIVE_ARCH = YES;
				SDKROOT = iphoneos;
			};
			name = Debug;
		};
		F01A59F61716EDB50000DD94 /* Release */ = {
			isa = XCBuildConfiguration;
			buildSettings = {
				ALWAYS_SEARCH_USER_PATHS = NO;
				CLANG_CXX_LANGUAGE_STANDARD = "gnu++0x";
				CLANG_CXX_LIBRARY = "libc++";
				CLANG_ENABLE_OBJC_ARC = YES;
				CLANG_WARN_CONSTANT_CONVERSION = YES;
				CLANG_WARN_EMPTY_BODY = YES;
				CLANG_WARN_ENUM_CONVERSION = YES;
				CLANG_WARN_INT_CONVERSION = YES;
				CLANG_WARN__DUPLICATE_METHOD_MATCH = YES;
				COPY_PHASE_STRIP = YES;
				GCC_C_LANGUAGE_STANDARD = gnu99;
				GCC_WARN_ABOUT_RETURN_TYPE = YES;
				GCC_WARN_UNINITIALIZED_AUTOS = YES;
				GCC_WARN_UNUSED_VARIABLE = YES;
				IPHONEOS_DEPLOYMENT_TARGET = 5.0;
				SDKROOT = iphoneos;
				VALIDATE_PRODUCT = YES;
			};
			name = Release;
		};
		F01A59F81716EDB50000DD94 /* Debug */ = {
			isa = XCBuildConfiguration;
			buildSettings = {
				DSTROOT = /tmp/Cobalt.dst;
				GCC_PRECOMPILE_PREFIX_HEADER = YES;
				GCC_PREFIX_HEADER = "Cobalt/Cobalt-Prefix.pch";
				IPHONEOS_DEPLOYMENT_TARGET = 7.1;
				OTHER_LDFLAGS = "-ObjC";
				PRODUCT_NAME = Cobalt;
				SKIP_INSTALL = YES;
			};
			name = Debug;
		};
		F01A59F91716EDB50000DD94 /* Release */ = {
			isa = XCBuildConfiguration;
			buildSettings = {
				DSTROOT = /tmp/Cobalt.dst;
				GCC_PRECOMPILE_PREFIX_HEADER = YES;
				GCC_PREFIX_HEADER = "Cobalt/Cobalt-Prefix.pch";
				IPHONEOS_DEPLOYMENT_TARGET = 7.1;
				OTHER_LDFLAGS = "-ObjC";
				PRODUCT_NAME = Cobalt;
				SKIP_INSTALL = YES;
			};
			name = Release;
		};
/* End XCBuildConfiguration section */

/* Begin XCConfigurationList section */
		F01A59E41716EDB50000DD94 /* Build configuration list for PBXProject "Cobalt" */ = {
			isa = XCConfigurationList;
			buildConfigurations = (
				F01A59F51716EDB50000DD94 /* Debug */,
				F01A59F61716EDB50000DD94 /* Release */,
			);
			defaultConfigurationIsVisible = 0;
			defaultConfigurationName = Release;
		};
		F01A59F71716EDB50000DD94 /* Build configuration list for PBXNativeTarget "Cobalt" */ = {
			isa = XCConfigurationList;
			buildConfigurations = (
				F01A59F81716EDB50000DD94 /* Debug */,
				F01A59F91716EDB50000DD94 /* Release */,
			);
			defaultConfigurationIsVisible = 0;
			defaultConfigurationName = Release;
		};
/* End XCConfigurationList section */
	};
	rootObject = F01A59E11716EDB50000DD94 /* Project object */;
}
