// !$*UTF8*$!
{
	archiveVersion = 1;
	classes = {
	};
	objectVersion = 46;
	objects = {

/* Begin PBXBuildFile section */
		71B4B1E71886D9DD0027AC4F /* Cobalt.m in Sources */ = {isa = PBXBuildFile; fileRef = 71B4B1D61886D9DD0027AC4F /* Cobalt.m */; };
		71B4B1E91886D9DD0027AC4F /* CobaltViewController.m in Sources */ = {isa = PBXBuildFile; fileRef = 71B4B1DB1886D9DD0027AC4F /* CobaltViewController.m */; };
		71B4B1EC1886D9DD0027AC4F /* iToast.m in Sources */ = {isa = PBXBuildFile; fileRef = 71B4B1E11886D9DD0027AC4F /* iToast.m */; };
		71B4B1ED1886D9DD0027AC4F /* CobaltToast.m in Sources */ = {isa = PBXBuildFile; fileRef = 71B4B1E41886D9DD0027AC4F /* CobaltToast.m */; };
		8E1070BF1987ED8800DED934 /* CustomizedPulltoRefreshViewController.m in Sources */ = {isa = PBXBuildFile; fileRef = 8E1070BE1987ED8800DED934 /* CustomizedPulltoRefreshViewController.m */; };
		8E1070C11987EE7800DED934 /* CobaltViewController.xib in Resources */ = {isa = PBXBuildFile; fileRef = 8E1070C01987EE7800DED934 /* CobaltViewController.xib */; };
		8E11545319B7573B0047622C /* PluginsController.m in Sources */ = {isa = PBXBuildFile; fileRef = 8E11545219B7573B0047622C /* PluginsController.m */; };
		8EC5CAD71980FB00001777FA /* Images.xcassets in Resources */ = {isa = PBXBuildFile; fileRef = 8EC5CAD61980FB00001777FA /* Images.xcassets */; };
		8EE619AE1980074100B5767C /* CobaltAbstractPlugin.m in Sources */ = {isa = PBXBuildFile; fileRef = 8EE619A91980074100B5767C /* CobaltAbstractPlugin.m */; };
		8EE619B01980074100B5767C /* CobaltPluginManager.m in Sources */ = {isa = PBXBuildFile; fileRef = 8EE619AD1980074100B5767C /* CobaltPluginManager.m */; };
		8EE619B2198007EA00B5767C /* CoreLocation.framework in Frameworks */ = {isa = PBXBuildFile; fileRef = 8EE619B1198007EA00B5767C /* CoreLocation.framework */; };
		C49597581717090B006454BA /* CallbacksController.m in Sources */ = {isa = PBXBuildFile; fileRef = C49597561717090B006454BA /* CallbacksController.m */; };
		C49597591717090B006454BA /* CallbacksController.xib in Resources */ = {isa = PBXBuildFile; fileRef = C49597571717090B006454BA /* CallbacksController.xib */; };
		C4D664A2171E8D97009EDE58 /* EventsController.m in Sources */ = {isa = PBXBuildFile; fileRef = C4D664A0171E8D97009EDE58 /* EventsController.m */; };
		C4D664A3171E8D97009EDE58 /* EventsController.xib in Resources */ = {isa = PBXBuildFile; fileRef = C4D664A1171E8D97009EDE58 /* EventsController.xib */; };
		C4D664AA171E91D5009EDE58 /* SimpleController.m in Sources */ = {isa = PBXBuildFile; fileRef = C4D664A8171E91D5009EDE58 /* SimpleController.m */; };
		C4D664AB171E91D5009EDE58 /* SimpleController.xib in Resources */ = {isa = PBXBuildFile; fileRef = C4D664A9171E91D5009EDE58 /* SimpleController.xib */; };
		F01A5A0C1716EF4C0000DD94 /* UIKit.framework in Frameworks */ = {isa = PBXBuildFile; fileRef = F01A5A0B1716EF4C0000DD94 /* UIKit.framework */; };
		F01A5A0E1716EF4C0000DD94 /* Foundation.framework in Frameworks */ = {isa = PBXBuildFile; fileRef = F01A5A0D1716EF4C0000DD94 /* Foundation.framework */; };
		F01A5A101716EF4C0000DD94 /* CoreGraphics.framework in Frameworks */ = {isa = PBXBuildFile; fileRef = F01A5A0F1716EF4C0000DD94 /* CoreGraphics.framework */; };
		F01A5A161716EF4C0000DD94 /* InfoPlist.strings in Resources */ = {isa = PBXBuildFile; fileRef = F01A5A141716EF4C0000DD94 /* InfoPlist.strings */; };
		F01A5A181716EF4D0000DD94 /* main.m in Sources */ = {isa = PBXBuildFile; fileRef = F01A5A171716EF4D0000DD94 /* main.m */; };
		F01A5A1C1716EF4D0000DD94 /* AppDelegate.m in Sources */ = {isa = PBXBuildFile; fileRef = F01A5A1B1716EF4D0000DD94 /* AppDelegate.m */; };
		F0FB6E4019B45EED00021401 /* platform in Resources */ = {isa = PBXBuildFile; fileRef = F0FB6E3F19B45EED00021401 /* platform */; };
		F0FB6E4219B45EF600021401 /* common in Resources */ = {isa = PBXBuildFile; fileRef = F0FB6E4119B45EF600021401 /* common */; };
/* End PBXBuildFile section */

/* Begin PBXFileReference section */
		71B4B1D41886D9DD0027AC4F /* Cobalt-Prefix.pch */ = {isa = PBXFileReference; fileEncoding = 4; lastKnownFileType = sourcecode.c.h; path = "Cobalt-Prefix.pch"; sourceTree = "<group>"; };
		71B4B1D51886D9DD0027AC4F /* Cobalt.h */ = {isa = PBXFileReference; fileEncoding = 4; lastKnownFileType = sourcecode.c.h; path = Cobalt.h; sourceTree = "<group>"; };
		71B4B1D61886D9DD0027AC4F /* Cobalt.m */ = {isa = PBXFileReference; fileEncoding = 4; lastKnownFileType = sourcecode.c.objc; path = Cobalt.m; sourceTree = "<group>"; };
		71B4B1DA1886D9DD0027AC4F /* CobaltViewController.h */ = {isa = PBXFileReference; fileEncoding = 4; lastKnownFileType = sourcecode.c.h; path = CobaltViewController.h; sourceTree = "<group>"; };
		71B4B1DB1886D9DD0027AC4F /* CobaltViewController.m */ = {isa = PBXFileReference; fileEncoding = 4; lastKnownFileType = sourcecode.c.objc; path = CobaltViewController.m; sourceTree = "<group>"; };
		71B4B1E01886D9DD0027AC4F /* iToast.h */ = {isa = PBXFileReference; fileEncoding = 4; lastKnownFileType = sourcecode.c.h; path = iToast.h; sourceTree = "<group>"; };
		71B4B1E11886D9DD0027AC4F /* iToast.m */ = {isa = PBXFileReference; fileEncoding = 4; lastKnownFileType = sourcecode.c.objc; path = iToast.m; sourceTree = "<group>"; };
		71B4B1E31886D9DD0027AC4F /* CobaltToast.h */ = {isa = PBXFileReference; fileEncoding = 4; lastKnownFileType = sourcecode.c.h; path = CobaltToast.h; sourceTree = "<group>"; };
		71B4B1E41886D9DD0027AC4F /* CobaltToast.m */ = {isa = PBXFileReference; fileEncoding = 4; lastKnownFileType = sourcecode.c.objc; path = CobaltToast.m; sourceTree = "<group>"; };
		8E1070BD1987ED8800DED934 /* CustomizedPulltoRefreshViewController.h */ = {isa = PBXFileReference; fileEncoding = 4; lastKnownFileType = sourcecode.c.h; path = CustomizedPulltoRefreshViewController.h; sourceTree = "<group>"; };
		8E1070BE1987ED8800DED934 /* CustomizedPulltoRefreshViewController.m */ = {isa = PBXFileReference; fileEncoding = 4; lastKnownFileType = sourcecode.c.objc; path = CustomizedPulltoRefreshViewController.m; sourceTree = "<group>"; };
		8E1070C01987EE7800DED934 /* CobaltViewController.xib */ = {isa = PBXFileReference; fileEncoding = 4; lastKnownFileType = file.xib; path = CobaltViewController.xib; sourceTree = "<group>"; };
		8E11545119B7573B0047622C /* PluginsController.h */ = {isa = PBXFileReference; fileEncoding = 4; lastKnownFileType = sourcecode.c.h; path = PluginsController.h; sourceTree = "<group>"; };
		8E11545219B7573B0047622C /* PluginsController.m */ = {isa = PBXFileReference; fileEncoding = 4; lastKnownFileType = sourcecode.c.objc; path = PluginsController.m; sourceTree = "<group>"; };
		8EC5CAD61980FB00001777FA /* Images.xcassets */ = {isa = PBXFileReference; lastKnownFileType = folder.assetcatalog; path = Images.xcassets; sourceTree = "<group>"; };
		8EE619A81980074100B5767C /* CobaltAbstractPlugin.h */ = {isa = PBXFileReference; fileEncoding = 4; lastKnownFileType = sourcecode.c.h; path = CobaltAbstractPlugin.h; sourceTree = "<group>"; };
		8EE619A91980074100B5767C /* CobaltAbstractPlugin.m */ = {isa = PBXFileReference; fileEncoding = 4; lastKnownFileType = sourcecode.c.objc; path = CobaltAbstractPlugin.m; sourceTree = "<group>"; };
		8EE619AC1980074100B5767C /* CobaltPluginManager.h */ = {isa = PBXFileReference; fileEncoding = 4; lastKnownFileType = sourcecode.c.h; path = CobaltPluginManager.h; sourceTree = "<group>"; };
		8EE619AD1980074100B5767C /* CobaltPluginManager.m */ = {isa = PBXFileReference; fileEncoding = 4; lastKnownFileType = sourcecode.c.objc; path = CobaltPluginManager.m; sourceTree = "<group>"; };
		8EE619B1198007EA00B5767C /* CoreLocation.framework */ = {isa = PBXFileReference; lastKnownFileType = wrapper.framework; name = CoreLocation.framework; path = System/Library/Frameworks/CoreLocation.framework; sourceTree = SDKROOT; };
		C49597551717090B006454BA /* CallbacksController.h */ = {isa = PBXFileReference; fileEncoding = 4; lastKnownFileType = sourcecode.c.h; path = CallbacksController.h; sourceTree = "<group>"; };
		C49597561717090B006454BA /* CallbacksController.m */ = {isa = PBXFileReference; fileEncoding = 4; lastKnownFileType = sourcecode.c.objc; path = CallbacksController.m; sourceTree = "<group>"; };
		C49597571717090B006454BA /* CallbacksController.xib */ = {isa = PBXFileReference; fileEncoding = 4; lastKnownFileType = file.xib; path = CallbacksController.xib; sourceTree = "<group>"; };
		C4D6649F171E8D97009EDE58 /* EventsController.h */ = {isa = PBXFileReference; fileEncoding = 4; lastKnownFileType = sourcecode.c.h; path = EventsController.h; sourceTree = "<group>"; };
		C4D664A0171E8D97009EDE58 /* EventsController.m */ = {isa = PBXFileReference; fileEncoding = 4; lastKnownFileType = sourcecode.c.objc; path = EventsController.m; sourceTree = "<group>"; };
		C4D664A1171E8D97009EDE58 /* EventsController.xib */ = {isa = PBXFileReference; fileEncoding = 4; lastKnownFileType = file.xib; path = EventsController.xib; sourceTree = "<group>"; };
		C4D664A7171E91D5009EDE58 /* SimpleController.h */ = {isa = PBXFileReference; fileEncoding = 4; lastKnownFileType = sourcecode.c.h; path = SimpleController.h; sourceTree = "<group>"; };
		C4D664A8171E91D5009EDE58 /* SimpleController.m */ = {isa = PBXFileReference; fileEncoding = 4; lastKnownFileType = sourcecode.c.objc; path = SimpleController.m; sourceTree = "<group>"; };
		C4D664A9171E91D5009EDE58 /* SimpleController.xib */ = {isa = PBXFileReference; fileEncoding = 4; lastKnownFileType = file.xib; path = SimpleController.xib; sourceTree = "<group>"; };
		F01A5A081716EF4C0000DD94 /* CatalogCobalt.app */ = {isa = PBXFileReference; explicitFileType = wrapper.application; includeInIndex = 0; path = CatalogCobalt.app; sourceTree = BUILT_PRODUCTS_DIR; };
		F01A5A0B1716EF4C0000DD94 /* UIKit.framework */ = {isa = PBXFileReference; lastKnownFileType = wrapper.framework; name = UIKit.framework; path = System/Library/Frameworks/UIKit.framework; sourceTree = SDKROOT; };
		F01A5A0D1716EF4C0000DD94 /* Foundation.framework */ = {isa = PBXFileReference; lastKnownFileType = wrapper.framework; name = Foundation.framework; path = System/Library/Frameworks/Foundation.framework; sourceTree = SDKROOT; };
		F01A5A0F1716EF4C0000DD94 /* CoreGraphics.framework */ = {isa = PBXFileReference; lastKnownFileType = wrapper.framework; name = CoreGraphics.framework; path = System/Library/Frameworks/CoreGraphics.framework; sourceTree = SDKROOT; };
		F01A5A131716EF4C0000DD94 /* CatalogCobalt-Info.plist */ = {isa = PBXFileReference; lastKnownFileType = text.plist.xml; path = "CatalogCobalt-Info.plist"; sourceTree = "<group>"; };
		F01A5A151716EF4C0000DD94 /* en */ = {isa = PBXFileReference; lastKnownFileType = text.plist.strings; name = en; path = en.lproj/InfoPlist.strings; sourceTree = "<group>"; };
		F01A5A171716EF4D0000DD94 /* main.m */ = {isa = PBXFileReference; lastKnownFileType = sourcecode.c.objc; path = main.m; sourceTree = "<group>"; };
		F01A5A191716EF4D0000DD94 /* CatalogCobalt-Prefix.pch */ = {isa = PBXFileReference; lastKnownFileType = sourcecode.c.h; path = "CatalogCobalt-Prefix.pch"; sourceTree = "<group>"; };
		F01A5A1A1716EF4D0000DD94 /* AppDelegate.h */ = {isa = PBXFileReference; lastKnownFileType = sourcecode.c.h; path = AppDelegate.h; sourceTree = "<group>"; };
		F01A5A1B1716EF4D0000DD94 /* AppDelegate.m */ = {isa = PBXFileReference; lastKnownFileType = sourcecode.c.objc; path = AppDelegate.m; sourceTree = "<group>"; };
		F0FB6E3F19B45EED00021401 /* platform */ = {isa = PBXFileReference; lastKnownFileType = folder; name = platform; path = CatalogCobalt/www/platform; sourceTree = "<group>"; };
		F0FB6E4119B45EF600021401 /* common */ = {isa = PBXFileReference; lastKnownFileType = folder; name = common; path = CatalogCobalt/www/common; sourceTree = "<group>"; };
/* End PBXFileReference section */

/* Begin PBXFrameworksBuildPhase section */
		F01A5A051716EF4C0000DD94 /* Frameworks */ = {
			isa = PBXFrameworksBuildPhase;
			buildActionMask = 2147483647;
			files = (
				8EE619B2198007EA00B5767C /* CoreLocation.framework in Frameworks */,
				F01A5A0C1716EF4C0000DD94 /* UIKit.framework in Frameworks */,
				F01A5A0E1716EF4C0000DD94 /* Foundation.framework in Frameworks */,
				F01A5A101716EF4C0000DD94 /* CoreGraphics.framework in Frameworks */,
			);
			runOnlyForDeploymentPostprocessing = 0;
		};
/* End PBXFrameworksBuildPhase section */

/* Begin PBXGroup section */
		71B4B1D31886D9DD0027AC4F /* Cobalt */ = {
			isa = PBXGroup;
			children = (
				8EE619A71980074100B5767C /* Plugin */,
				71B4B1D41886D9DD0027AC4F /* Cobalt-Prefix.pch */,
				71B4B1D51886D9DD0027AC4F /* Cobalt.h */,
				71B4B1D61886D9DD0027AC4F /* Cobalt.m */,
				71B4B1D71886D9DD0027AC4F /* Controllers */,
				71B4B1E01886D9DD0027AC4F /* iToast.h */,
				71B4B1E11886D9DD0027AC4F /* iToast.m */,
				71B4B1E21886D9DD0027AC4F /* Views */,
			);
			name = Cobalt;
			path = ../../../../sources/iOS/Cobalt/Cobalt;
			sourceTree = "<group>";
		};
		71B4B1D71886D9DD0027AC4F /* Controllers */ = {
			isa = PBXGroup;
			children = (
				8E1070C01987EE7800DED934 /* CobaltViewController.xib */,
				71B4B1DA1886D9DD0027AC4F /* CobaltViewController.h */,
				71B4B1DB1886D9DD0027AC4F /* CobaltViewController.m */,
			);
			path = Controllers;
			sourceTree = "<group>";
		};
		71B4B1E21886D9DD0027AC4F /* Views */ = {
			isa = PBXGroup;
			children = (
				71B4B1E31886D9DD0027AC4F /* CobaltToast.h */,
				71B4B1E41886D9DD0027AC4F /* CobaltToast.m */,
			);
			path = Views;
			sourceTree = "<group>";
		};
		8EE619A71980074100B5767C /* Plugin */ = {
			isa = PBXGroup;
			children = (
				8EE619A81980074100B5767C /* CobaltAbstractPlugin.h */,
				8EE619A91980074100B5767C /* CobaltAbstractPlugin.m */,
				8EE619AC1980074100B5767C /* CobaltPluginManager.h */,
				8EE619AD1980074100B5767C /* CobaltPluginManager.m */,
			);
			path = Plugin;
			sourceTree = "<group>";
		};
		F01A59FF1716EF4C0000DD94 = {
			isa = PBXGroup;
			children = (
				F0FB6E4119B45EF600021401 /* common */,
				F0FB6E3F19B45EED00021401 /* platform */,
				F01A5A111716EF4C0000DD94 /* CatalogCobalt */,
				F01A5A0A1716EF4C0000DD94 /* Frameworks */,
				F01A5A091716EF4C0000DD94 /* Products */,
			);
			sourceTree = "<group>";
		};
		F01A5A091716EF4C0000DD94 /* Products */ = {
			isa = PBXGroup;
			children = (
				F01A5A081716EF4C0000DD94 /* CatalogCobalt.app */,
			);
			name = Products;
			sourceTree = "<group>";
		};
		F01A5A0A1716EF4C0000DD94 /* Frameworks */ = {
			isa = PBXGroup;
			children = (
				71B4B1D31886D9DD0027AC4F /* Cobalt */,
				8EE619B1198007EA00B5767C /* CoreLocation.framework */,
				F01A5A0B1716EF4C0000DD94 /* UIKit.framework */,
				F01A5A0D1716EF4C0000DD94 /* Foundation.framework */,
				F01A5A0F1716EF4C0000DD94 /* CoreGraphics.framework */,
			);
			name = Frameworks;
			sourceTree = "<group>";
		};
		F01A5A111716EF4C0000DD94 /* CatalogCobalt */ = {
			isa = PBXGroup;
			children = (
				8E1070BD1987ED8800DED934 /* CustomizedPulltoRefreshViewController.h */,
				8E1070BE1987ED8800DED934 /* CustomizedPulltoRefreshViewController.m */,
				C4D664A7171E91D5009EDE58 /* SimpleController.h */,
				C4D664A8171E91D5009EDE58 /* SimpleController.m */,
				C4D664A9171E91D5009EDE58 /* SimpleController.xib */,
				C49597551717090B006454BA /* CallbacksController.h */,
				C49597561717090B006454BA /* CallbacksController.m */,
				C49597571717090B006454BA /* CallbacksController.xib */,
				8E11545119B7573B0047622C /* PluginsController.h */,
				8E11545219B7573B0047622C /* PluginsController.m */,
				C4D6649F171E8D97009EDE58 /* EventsController.h */,
				C4D664A0171E8D97009EDE58 /* EventsController.m */,
				C4D664A1171E8D97009EDE58 /* EventsController.xib */,
				F01A5A1A1716EF4D0000DD94 /* AppDelegate.h */,
				F01A5A1B1716EF4D0000DD94 /* AppDelegate.m */,
				8EC5CAD61980FB00001777FA /* Images.xcassets */,
				F01A5A121716EF4C0000DD94 /* Supporting Files */,
			);
			path = CatalogCobalt;
			sourceTree = "<group>";
		};
		F01A5A121716EF4C0000DD94 /* Supporting Files */ = {
			isa = PBXGroup;
			children = (
				F01A5A131716EF4C0000DD94 /* CatalogCobalt-Info.plist */,
				F01A5A141716EF4C0000DD94 /* InfoPlist.strings */,
				F01A5A171716EF4D0000DD94 /* main.m */,
				F01A5A191716EF4D0000DD94 /* CatalogCobalt-Prefix.pch */,
			);
			name = "Supporting Files";
			sourceTree = "<group>";
		};
/* End PBXGroup section */

/* Begin PBXNativeTarget section */
		F01A5A071716EF4C0000DD94 /* CatalogCobalt */ = {
			isa = PBXNativeTarget;
			buildConfigurationList = F01A5A251716EF4D0000DD94 /* Build configuration list for PBXNativeTarget "CatalogCobalt" */;
			buildPhases = (
				F01A5A041716EF4C0000DD94 /* Sources */,
				F01A5A051716EF4C0000DD94 /* Frameworks */,
				F01A5A061716EF4C0000DD94 /* Resources */,
			);
			buildRules = (
			);
			dependencies = (
			);
			name = CatalogCobalt;
			productName = CatalogCobalt;
			productReference = F01A5A081716EF4C0000DD94 /* CatalogCobalt.app */;
			productType = "com.apple.product-type.application";
		};
/* End PBXNativeTarget section */

/* Begin PBXProject section */
		F01A5A001716EF4C0000DD94 /* Project object */ = {
			isa = PBXProject;
			attributes = {
				CLASSPREFIX = HP;
				LastUpgradeCheck = 0460;
				ORGANIZATIONNAME = Haploid;
				TargetAttributes = {
					F01A5A071716EF4C0000DD94 = {
						DevelopmentTeam = E67DZ4RJZW;
					};
				};
			};
			buildConfigurationList = F01A5A031716EF4C0000DD94 /* Build configuration list for PBXProject "CatalogCobalt" */;
			compatibilityVersion = "Xcode 3.2";
			developmentRegion = English;
			hasScannedForEncodings = 0;
			knownRegions = (
				en,
			);
			mainGroup = F01A59FF1716EF4C0000DD94;
			productRefGroup = F01A5A091716EF4C0000DD94 /* Products */;
			projectDirPath = "";
			projectRoot = "";
			targets = (
				F01A5A071716EF4C0000DD94 /* CatalogCobalt */,
			);
		};
/* End PBXProject section */

/* Begin PBXResourcesBuildPhase section */
		F01A5A061716EF4C0000DD94 /* Resources */ = {
			isa = PBXResourcesBuildPhase;
			buildActionMask = 2147483647;
			files = (
				8E1070C11987EE7800DED934 /* CobaltViewController.xib in Resources */,
				F01A5A161716EF4C0000DD94 /* InfoPlist.strings in Resources */,
				8EC5CAD71980FB00001777FA /* Images.xcassets in Resources */,
				C49597591717090B006454BA /* CallbacksController.xib in Resources */,
				C4D664A3171E8D97009EDE58 /* EventsController.xib in Resources */,
				F0FB6E4019B45EED00021401 /* platform in Resources */,
				C4D664AB171E91D5009EDE58 /* SimpleController.xib in Resources */,
				F0FB6E4219B45EF600021401 /* common in Resources */,
			);
			runOnlyForDeploymentPostprocessing = 0;
		};
/* End PBXResourcesBuildPhase section */

/* Begin PBXSourcesBuildPhase section */
		F01A5A041716EF4C0000DD94 /* Sources */ = {
			isa = PBXSourcesBuildPhase;
			buildActionMask = 2147483647;
			files = (
				8EE619B01980074100B5767C /* CobaltPluginManager.m in Sources */,
				F01A5A181716EF4D0000DD94 /* main.m in Sources */,
				F01A5A1C1716EF4D0000DD94 /* AppDelegate.m in Sources */,
				71B4B1E71886D9DD0027AC4F /* Cobalt.m in Sources */,
				71B4B1EC1886D9DD0027AC4F /* iToast.m in Sources */,
				8E1070BF1987ED8800DED934 /* CustomizedPulltoRefreshViewController.m in Sources */,
				C49597581717090B006454BA /* CallbacksController.m in Sources */,
				C4D664A2171E8D97009EDE58 /* EventsController.m in Sources */,
				8EE619AE1980074100B5767C /* CobaltAbstractPlugin.m in Sources */,
				71B4B1E91886D9DD0027AC4F /* CobaltViewController.m in Sources */,
				C4D664AA171E91D5009EDE58 /* SimpleController.m in Sources */,
				8E11545319B7573B0047622C /* PluginsController.m in Sources */,
				71B4B1ED1886D9DD0027AC4F /* CobaltToast.m in Sources */,
			);
			runOnlyForDeploymentPostprocessing = 0;
		};
/* End PBXSourcesBuildPhase section */

/* Begin PBXVariantGroup section */
		F01A5A141716EF4C0000DD94 /* InfoPlist.strings */ = {
			isa = PBXVariantGroup;
			children = (
				F01A5A151716EF4C0000DD94 /* en */,
			);
			name = InfoPlist.strings;
			sourceTree = "<group>";
		};
/* End PBXVariantGroup section */

/* Begin XCBuildConfiguration section */
		F01A5A231716EF4D0000DD94 /* Debug */ = {
			isa = XCBuildConfiguration;
			buildSettings = {
				ALWAYS_SEARCH_USER_PATHS = NO;
				CLANG_CXX_LANGUAGE_STANDARD = "gnu++0x";
				CLANG_CXX_LIBRARY = "libc++";
				CLANG_ENABLE_OBJC_ARC = YES;
				CLANG_WARN_CONSTANT_CONVERSION = YES;
				CLANG_WARN_EMPTY_BODY = YES;
				CLANG_WARN_ENUM_CONVERSION = YES;
				CLANG_WARN_INT_CONVERSION = YES;
				CLANG_WARN__DUPLICATE_METHOD_MATCH = YES;
				CODE_SIGN_IDENTITY = "iPhone Developer: Fehmi Toumi (3X7UK4WY8T)";
				"CODE_SIGN_IDENTITY[sdk=iphoneos*]" = "iPhone Developer: Fehmi Toumi (3X7UK4WY8T)";
				COPY_PHASE_STRIP = NO;
				GCC_C_LANGUAGE_STANDARD = gnu99;
				GCC_DYNAMIC_NO_PIC = NO;
				GCC_OPTIMIZATION_LEVEL = 0;
				GCC_PREPROCESSOR_DEFINITIONS = (
					"DEBUG=1",
					"$(inherited)",
				);
				GCC_SYMBOLS_PRIVATE_EXTERN = NO;
				GCC_WARN_ABOUT_RETURN_TYPE = YES;
				GCC_WARN_UNINITIALIZED_AUTOS = YES;
				GCC_WARN_UNUSED_VARIABLE = YES;
				IPHONEOS_DEPLOYMENT_TARGET = 6.0;
				ONLY_ACTIVE_ARCH = YES;
				PROVISIONING_PROFILE = "D2A9E6F3-6252-488D-96C8-EF2384E3416E";
				SDKROOT = iphoneos;
			};
			name = Debug;
		};
		F01A5A241716EF4D0000DD94 /* Release */ = {
			isa = XCBuildConfiguration;
			buildSettings = {
				ALWAYS_SEARCH_USER_PATHS = NO;
				CLANG_CXX_LANGUAGE_STANDARD = "gnu++0x";
				CLANG_CXX_LIBRARY = "libc++";
				CLANG_ENABLE_OBJC_ARC = YES;
				CLANG_WARN_CONSTANT_CONVERSION = YES;
				CLANG_WARN_EMPTY_BODY = YES;
				CLANG_WARN_ENUM_CONVERSION = YES;
				CLANG_WARN_INT_CONVERSION = YES;
				CLANG_WARN__DUPLICATE_METHOD_MATCH = YES;
				CODE_SIGN_IDENTITY = "iPhone Developer: Fehmi Toumi (3X7UK4WY8T)";
				"CODE_SIGN_IDENTITY[sdk=iphoneos*]" = "iPhone Developer: Fehmi Toumi (3X7UK4WY8T)";
				COPY_PHASE_STRIP = YES;
				GCC_C_LANGUAGE_STANDARD = gnu99;
				GCC_WARN_ABOUT_RETURN_TYPE = YES;
				GCC_WARN_UNINITIALIZED_AUTOS = YES;
				GCC_WARN_UNUSED_VARIABLE = YES;
				IPHONEOS_DEPLOYMENT_TARGET = 6.0;
				OTHER_CFLAGS = "-DNS_BLOCK_ASSERTIONS=1";
				PROVISIONING_PROFILE = "D2A9E6F3-6252-488D-96C8-EF2384E3416E";
				SDKROOT = iphoneos;
				VALIDATE_PRODUCT = YES;
			};
			name = Release;
		};
		F01A5A261716EF4D0000DD94 /* Debug */ = {
			isa = XCBuildConfiguration;
			buildSettings = {
				ASSETCATALOG_COMPILER_APPICON_NAME = AppIcon;
				ASSETCATALOG_COMPILER_LAUNCHIMAGE_NAME = LaunchImage;
				CODE_SIGN_IDENTITY = "iPhone Developer";
				"CODE_SIGN_IDENTITY[sdk=iphoneos*]" = "iPhone Developer";
				GCC_PRECOMPILE_PREFIX_HEADER = YES;
				GCC_PREFIX_HEADER = "CatalogCobalt/CatalogCobalt-Prefix.pch";
				INFOPLIST_FILE = "CatalogCobalt/CatalogCobalt-Info.plist";
				IPHONEOS_DEPLOYMENT_TARGET = 6.0;
				PRODUCT_NAME = CatalogCobalt;
				PROVISIONING_PROFILE = "";
				USER_HEADER_SEARCH_PATHS = "../HPNativeBridge/HPNativeBridge/**";
				WRAPPER_EXTENSION = app;
			};
			name = Debug;
		};
		F01A5A271716EF4D0000DD94 /* Release */ = {
			isa = XCBuildConfiguration;
			buildSettings = {
				ASSETCATALOG_COMPILER_APPICON_NAME = AppIcon;
				ASSETCATALOG_COMPILER_LAUNCHIMAGE_NAME = LaunchImage;
				CODE_SIGN_IDENTITY = "iPhone Developer";
				"CODE_SIGN_IDENTITY[sdk=iphoneos*]" = "iPhone Developer";
				GCC_PRECOMPILE_PREFIX_HEADER = YES;
				GCC_PREFIX_HEADER = "CatalogCobalt/CatalogCobalt-Prefix.pch";
				INFOPLIST_FILE = "CatalogCobalt/CatalogCobalt-Info.plist";
				IPHONEOS_DEPLOYMENT_TARGET = 6.0;
				PRODUCT_NAME = CatalogCobalt;
				PROVISIONING_PROFILE = "";
				USER_HEADER_SEARCH_PATHS = "../HPNativeBridge/HPNativeBridge/**";
				WRAPPER_EXTENSION = app;
			};
			name = Release;
		};
/* End XCBuildConfiguration section */

/* Begin XCConfigurationList section */
		F01A5A031716EF4C0000DD94 /* Build configuration list for PBXProject "CatalogCobalt" */ = {
			isa = XCConfigurationList;
			buildConfigurations = (
				F01A5A231716EF4D0000DD94 /* Debug */,
				F01A5A241716EF4D0000DD94 /* Release */,
			);
			defaultConfigurationIsVisible = 0;
			defaultConfigurationName = Release;
		};
		F01A5A251716EF4D0000DD94 /* Build configuration list for PBXNativeTarget "CatalogCobalt" */ = {
			isa = XCConfigurationList;
			buildConfigurations = (
				F01A5A261716EF4D0000DD94 /* Debug */,
				F01A5A271716EF4D0000DD94 /* Release */,
			);
			defaultConfigurationIsVisible = 0;
			defaultConfigurationName = Release;
		};
/* End XCConfigurationList section */
	};
	rootObject = F01A5A001716EF4C0000DD94 /* Project object */;
}
