// !$*UTF8*$!
{
	archiveVersion = 1;
	classes = {
	};
	objectVersion = 46;
	objects = {

/* Begin PBXBuildFile section */
		677CE30C185F026A00CB5887 /* AbstractViewController.m in Sources */ = {isa = PBXBuildFile; fileRef = 677CE30B185F026A00CB5887 /* AbstractViewController.m */; };
		BEA274D41755F2B70081903C /* PullToRefreshTableHeaderView.h in CopyFiles */ = {isa = PBXBuildFile; fileRef = C4A39B4017280F2D004F7282 /* PullToRefreshTableHeaderView.h */; };
		BEA274D51755F2B70081903C /* HPToast.h in CopyFiles */ = {isa = PBXBuildFile; fileRef = C4A39B74172A88D1004F7282 /* HPToast.h */; };
		BEA274D61755F2B70081903C /* HPNativeBridgeViewController.h in CopyFiles */ = {isa = PBXBuildFile; fileRef = C4A39B3717280F04004F7282 /* HPNativeBridgeViewController.h */; };
		BEA274D71755F2B70081903C /* PullToRefreshScrollViewController.h in CopyFiles */ = {isa = PBXBuildFile; fileRef = C4A39B3917280F04004F7282 /* PullToRefreshScrollViewController.h */; };
		BEA274D81755F2B70081903C /* HPNativeBridgePullToRefreshViewController.h in CopyFiles */ = {isa = PBXBuildFile; fileRef = C4A39B431728112B004F7282 /* HPNativeBridgePullToRefreshViewController.h */; };
		BEA274D91755F2B70081903C /* HPPtrIsViewController.h in CopyFiles */ = {isa = PBXBuildFile; fileRef = C4A39B5D172927D9004F7282 /* HPPtrIsViewController.h */; };
		BEA274DA1755F2B70081903C /* iToast.h in CopyFiles */ = {isa = PBXBuildFile; fileRef = C4060B2A171D850B001B393E /* iToast.h */; };
		C4A39B3C17280F04004F7282 /* PullToRefreshScrollViewController.m in Sources */ = {isa = PBXBuildFile; fileRef = C4A39B3A17280F04004F7282 /* PullToRefreshScrollViewController.m */; settings = {COMPILER_FLAGS = "-fno-objc-arc"; }; };
		C4A39B4217280F2D004F7282 /* PullToRefreshTableHeaderView.m in Sources */ = {isa = PBXBuildFile; fileRef = C4A39B4117280F2D004F7282 /* PullToRefreshTableHeaderView.m */; settings = {COMPILER_FLAGS = "-fno-objc-arc"; }; };
		C4A39B461728112B004F7282 /* HPNativeBridgePullToRefreshViewController.m in Sources */ = {isa = PBXBuildFile; fileRef = C4A39B441728112B004F7282 /* HPNativeBridgePullToRefreshViewController.m */; };
		C4A39B4D17281EBB004F7282 /* iToast.m in Sources */ = {isa = PBXBuildFile; fileRef = C4060B2B171D850B001B393E /* iToast.m */; settings = {COMPILER_FLAGS = "-fno-objc-arc"; }; };
		C4A39B4E1728257A004F7282 /* HPNativeBridgeViewController.m in Sources */ = {isa = PBXBuildFile; fileRef = C4A39B3817280F04004F7282 /* HPNativeBridgeViewController.m */; };
		C4A39B5F172927D9004F7282 /* HPPtrIsViewController.m in Sources */ = {isa = PBXBuildFile; fileRef = C4A39B5E172927D9004F7282 /* HPPtrIsViewController.m */; };
		C4A39B76172A88D1004F7282 /* HPToast.m in Sources */ = {isa = PBXBuildFile; fileRef = C4A39B75172A88D1004F7282 /* HPToast.m */; };
		F01A59ED1716EDB50000DD94 /* Foundation.framework in Frameworks */ = {isa = PBXBuildFile; fileRef = F01A59EC1716EDB50000DD94 /* Foundation.framework */; };
		F01A59F21716EDB50000DD94 /* HPNativeBridge.h in CopyFiles */ = {isa = PBXBuildFile; fileRef = F01A59F11716EDB50000DD94 /* HPNativeBridge.h */; };
		F01A59F41716EDB50000DD94 /* HPNativeBridge.m in Sources */ = {isa = PBXBuildFile; fileRef = F01A59F31716EDB50000DD94 /* HPNativeBridge.m */; };
/* End PBXBuildFile section */

/* Begin PBXCopyFilesBuildPhase section */
		F01A59E71716EDB50000DD94 /* CopyFiles */ = {
			isa = PBXCopyFilesBuildPhase;
			buildActionMask = 2147483647;
			dstPath = "include/${PRODUCT_NAME}";
			dstSubfolderSpec = 16;
			files = (
				BEA274D41755F2B70081903C /* PullToRefreshTableHeaderView.h in CopyFiles */,
				BEA274D51755F2B70081903C /* HPToast.h in CopyFiles */,
				BEA274D61755F2B70081903C /* HPNativeBridgeViewController.h in CopyFiles */,
				BEA274D71755F2B70081903C /* PullToRefreshScrollViewController.h in CopyFiles */,
				BEA274D81755F2B70081903C /* HPNativeBridgePullToRefreshViewController.h in CopyFiles */,
				BEA274D91755F2B70081903C /* HPPtrIsViewController.h in CopyFiles */,
				BEA274DA1755F2B70081903C /* iToast.h in CopyFiles */,
				F01A59F21716EDB50000DD94 /* HPNativeBridge.h in CopyFiles */,
			);
			runOnlyForDeploymentPostprocessing = 0;
		};
/* End PBXCopyFilesBuildPhase section */

/* Begin PBXFileReference section */
		677CE30A185F026A00CB5887 /* AbstractViewController.h */ = {isa = PBXFileReference; fileEncoding = 4; lastKnownFileType = sourcecode.c.h; name = AbstractViewController.h; path = Controllers/AbstractViewController.h; sourceTree = "<group>"; };
		677CE30B185F026A00CB5887 /* AbstractViewController.m */ = {isa = PBXFileReference; fileEncoding = 4; lastKnownFileType = sourcecode.c.objc; name = AbstractViewController.m; path = Controllers/AbstractViewController.m; sourceTree = "<group>"; };
		C4060B2A171D850B001B393E /* iToast.h */ = {isa = PBXFileReference; fileEncoding = 4; lastKnownFileType = sourcecode.c.h; path = iToast.h; sourceTree = "<group>"; };
		C4060B2B171D850B001B393E /* iToast.m */ = {isa = PBXFileReference; fileEncoding = 4; lastKnownFileType = sourcecode.c.objc; path = iToast.m; sourceTree = "<group>"; };
		C4A39B3717280F04004F7282 /* HPNativeBridgeViewController.h */ = {isa = PBXFileReference; fileEncoding = 4; lastKnownFileType = sourcecode.c.h; name = HPNativeBridgeViewController.h; path = Controllers/HPNativeBridgeViewController.h; sourceTree = "<group>"; };
		C4A39B3817280F04004F7282 /* HPNativeBridgeViewController.m */ = {isa = PBXFileReference; fileEncoding = 4; lastKnownFileType = sourcecode.c.objc; name = HPNativeBridgeViewController.m; path = Controllers/HPNativeBridgeViewController.m; sourceTree = "<group>"; };
		C4A39B3917280F04004F7282 /* PullToRefreshScrollViewController.h */ = {isa = PBXFileReference; fileEncoding = 4; lastKnownFileType = sourcecode.c.h; name = PullToRefreshScrollViewController.h; path = Controllers/PullToRefreshScrollViewController.h; sourceTree = "<group>"; };
		C4A39B3A17280F04004F7282 /* PullToRefreshScrollViewController.m */ = {isa = PBXFileReference; fileEncoding = 4; lastKnownFileType = sourcecode.c.objc; name = PullToRefreshScrollViewController.m; path = Controllers/PullToRefreshScrollViewController.m; sourceTree = "<group>"; };
		C4A39B4017280F2D004F7282 /* PullToRefreshTableHeaderView.h */ = {isa = PBXFileReference; fileEncoding = 4; lastKnownFileType = sourcecode.c.h; name = PullToRefreshTableHeaderView.h; path = Views/PullToRefreshTableHeaderView.h; sourceTree = "<group>"; };
		C4A39B4117280F2D004F7282 /* PullToRefreshTableHeaderView.m */ = {isa = PBXFileReference; fileEncoding = 4; lastKnownFileType = sourcecode.c.objc; name = PullToRefreshTableHeaderView.m; path = Views/PullToRefreshTableHeaderView.m; sourceTree = "<group>"; };
		C4A39B431728112B004F7282 /* HPNativeBridgePullToRefreshViewController.h */ = {isa = PBXFileReference; fileEncoding = 4; lastKnownFileType = sourcecode.c.h; name = HPNativeBridgePullToRefreshViewController.h; path = Controllers/HPNativeBridgePullToRefreshViewController.h; sourceTree = "<group>"; };
		C4A39B441728112B004F7282 /* HPNativeBridgePullToRefreshViewController.m */ = {isa = PBXFileReference; fileEncoding = 4; lastKnownFileType = sourcecode.c.objc; name = HPNativeBridgePullToRefreshViewController.m; path = Controllers/HPNativeBridgePullToRefreshViewController.m; sourceTree = "<group>"; };
		C4A39B5D172927D9004F7282 /* HPPtrIsViewController.h */ = {isa = PBXFileReference; fileEncoding = 4; lastKnownFileType = sourcecode.c.h; name = HPPtrIsViewController.h; path = Controllers/HPPtrIsViewController.h; sourceTree = "<group>"; };
		C4A39B5E172927D9004F7282 /* HPPtrIsViewController.m */ = {isa = PBXFileReference; fileEncoding = 4; lastKnownFileType = sourcecode.c.objc; name = HPPtrIsViewController.m; path = Controllers/HPPtrIsViewController.m; sourceTree = "<group>"; };
		C4A39B74172A88D1004F7282 /* HPToast.h */ = {isa = PBXFileReference; fileEncoding = 4; lastKnownFileType = sourcecode.c.h; name = HPToast.h; path = Views/HPToast.h; sourceTree = "<group>"; };
		C4A39B75172A88D1004F7282 /* HPToast.m */ = {isa = PBXFileReference; fileEncoding = 4; lastKnownFileType = sourcecode.c.objc; name = HPToast.m; path = Views/HPToast.m; sourceTree = "<group>"; };
		F01A59E91716EDB50000DD94 /* libHPNativeBridge.a */ = {isa = PBXFileReference; explicitFileType = archive.ar; includeInIndex = 0; path = libHPNativeBridge.a; sourceTree = BUILT_PRODUCTS_DIR; };
		F01A59EC1716EDB50000DD94 /* Foundation.framework */ = {isa = PBXFileReference; lastKnownFileType = wrapper.framework; name = Foundation.framework; path = System/Library/Frameworks/Foundation.framework; sourceTree = SDKROOT; };
		F01A59F01716EDB50000DD94 /* HPNativeBridge-Prefix.pch */ = {isa = PBXFileReference; lastKnownFileType = sourcecode.c.h; path = "HPNativeBridge-Prefix.pch"; sourceTree = "<group>"; };
		F01A59F11716EDB50000DD94 /* HPNativeBridge.h */ = {isa = PBXFileReference; lastKnownFileType = sourcecode.c.h; path = HPNativeBridge.h; sourceTree = "<group>"; };
		F01A59F31716EDB50000DD94 /* HPNativeBridge.m */ = {isa = PBXFileReference; lastKnownFileType = sourcecode.c.objc; path = HPNativeBridge.m; sourceTree = "<group>"; };
		F055533B1718087D00454C32 /* Javascript */ = {isa = PBXFileReference; lastKnownFileType = folder; path = Javascript; sourceTree = "<group>"; };
/* End PBXFileReference section */

/* Begin PBXFrameworksBuildPhase section */
		F01A59E61716EDB50000DD94 /* Frameworks */ = {
			isa = PBXFrameworksBuildPhase;
			buildActionMask = 2147483647;
			files = (
				F01A59ED1716EDB50000DD94 /* Foundation.framework in Frameworks */,
			);
			runOnlyForDeploymentPostprocessing = 0;
		};
/* End PBXFrameworksBuildPhase section */

/* Begin PBXGroup section */
		C4060B28171D84F6001B393E /* Toast */ = {
			isa = PBXGroup;
			children = (
				C4060B2A171D850B001B393E /* iToast.h */,
				C4060B2B171D850B001B393E /* iToast.m */,
			);
			name = Toast;
			path = HPNativeBridge;
			sourceTree = "<group>";
		};
		C4A39B3E17280F1B004F7282 /* Controllers */ = {
			isa = PBXGroup;
			children = (
				677CE30A185F026A00CB5887 /* AbstractViewController.h */,
				677CE30B185F026A00CB5887 /* AbstractViewController.m */,
				C4A39B3717280F04004F7282 /* HPNativeBridgeViewController.h */,
				C4A39B3817280F04004F7282 /* HPNativeBridgeViewController.m */,
				C4A39B3917280F04004F7282 /* PullToRefreshScrollViewController.h */,
				C4A39B3A17280F04004F7282 /* PullToRefreshScrollViewController.m */,
				C4A39B431728112B004F7282 /* HPNativeBridgePullToRefreshViewController.h */,
				C4A39B441728112B004F7282 /* HPNativeBridgePullToRefreshViewController.m */,
				C4A39B5D172927D9004F7282 /* HPPtrIsViewController.h */,
				C4A39B5E172927D9004F7282 /* HPPtrIsViewController.m */,
			);
			name = Controllers;
			sourceTree = "<group>";
		};
		C4A39B3F17280F23004F7282 /* Views */ = {
			isa = PBXGroup;
			children = (
				C4A39B4017280F2D004F7282 /* PullToRefreshTableHeaderView.h */,
				C4A39B4117280F2D004F7282 /* PullToRefreshTableHeaderView.m */,
				C4A39B74172A88D1004F7282 /* HPToast.h */,
				C4A39B75172A88D1004F7282 /* HPToast.m */,
			);
			name = Views;
			sourceTree = "<group>";
		};
		F01A59E01716EDB50000DD94 = {
			isa = PBXGroup;
			children = (
				F055533B1718087D00454C32 /* Javascript */,
				F01A59EE1716EDB50000DD94 /* HPNativeBridge */,
				F01A59EB1716EDB50000DD94 /* Frameworks */,
				F01A59EA1716EDB50000DD94 /* Products */,
			);
			sourceTree = "<group>";
		};
		F01A59EA1716EDB50000DD94 /* Products */ = {
			isa = PBXGroup;
			children = (
				F01A59E91716EDB50000DD94 /* libHPNativeBridge.a */,
			);
			name = Products;
			sourceTree = "<group>";
		};
		F01A59EB1716EDB50000DD94 /* Frameworks */ = {
			isa = PBXGroup;
			children = (
				C4060B28171D84F6001B393E /* Toast */,
				F01A59EC1716EDB50000DD94 /* Foundation.framework */,
			);
			name = Frameworks;
			sourceTree = "<group>";
		};
		F01A59EE1716EDB50000DD94 /* HPNativeBridge */ = {
			isa = PBXGroup;
			children = (
				C4A39B3F17280F23004F7282 /* Views */,
				C4A39B3E17280F1B004F7282 /* Controllers */,
				F01A59F11716EDB50000DD94 /* HPNativeBridge.h */,
				F01A59F31716EDB50000DD94 /* HPNativeBridge.m */,
				F01A59EF1716EDB50000DD94 /* Supporting Files */,
			);
			path = HPNativeBridge;
			sourceTree = "<group>";
		};
		F01A59EF1716EDB50000DD94 /* Supporting Files */ = {
			isa = PBXGroup;
			children = (
				F01A59F01716EDB50000DD94 /* HPNativeBridge-Prefix.pch */,
			);
			name = "Supporting Files";
			sourceTree = "<group>";
		};
/* End PBXGroup section */

/* Begin PBXNativeTarget section */
		F01A59E81716EDB50000DD94 /* HPNativeBridge */ = {
			isa = PBXNativeTarget;
			buildConfigurationList = F01A59F71716EDB50000DD94 /* Build configuration list for PBXNativeTarget "HPNativeBridge" */;
			buildPhases = (
				F01A59E51716EDB50000DD94 /* Sources */,
				F01A59E61716EDB50000DD94 /* Frameworks */,
				F01A59E71716EDB50000DD94 /* CopyFiles */,
			);
			buildRules = (
			);
			dependencies = (
			);
			name = HPNativeBridge;
			productName = HPNativeBridge;
			productReference = F01A59E91716EDB50000DD94 /* libHPNativeBridge.a */;
			productType = "com.apple.product-type.library.static";
		};
/* End PBXNativeTarget section */

/* Begin PBXProject section */
		F01A59E11716EDB50000DD94 /* Project object */ = {
			isa = PBXProject;
			attributes = {
				LastUpgradeCheck = 0460;
				ORGANIZATIONNAME = Haploid;
			};
			buildConfigurationList = F01A59E41716EDB50000DD94 /* Build configuration list for PBXProject "HPNativeBridge" */;
			compatibilityVersion = "Xcode 3.2";
			developmentRegion = English;
			hasScannedForEncodings = 0;
			knownRegions = (
				en,
			);
			mainGroup = F01A59E01716EDB50000DD94;
			productRefGroup = F01A59EA1716EDB50000DD94 /* Products */;
			projectDirPath = "";
			projectRoot = "";
			targets = (
				F01A59E81716EDB50000DD94 /* HPNativeBridge */,
			);
		};
/* End PBXProject section */

/* Begin PBXSourcesBuildPhase section */
		F01A59E51716EDB50000DD94 /* Sources */ = {
			isa = PBXSourcesBuildPhase;
			buildActionMask = 2147483647;
			files = (
				C4A39B4E1728257A004F7282 /* HPNativeBridgeViewController.m in Sources */,
				C4A39B4D17281EBB004F7282 /* iToast.m in Sources */,
				F01A59F41716EDB50000DD94 /* HPNativeBridge.m in Sources */,
				C4A39B3C17280F04004F7282 /* PullToRefreshScrollViewController.m in Sources */,
				677CE30C185F026A00CB5887 /* AbstractViewController.m in Sources */,
				C4A39B4217280F2D004F7282 /* PullToRefreshTableHeaderView.m in Sources */,
				C4A39B461728112B004F7282 /* HPNativeBridgePullToRefreshViewController.m in Sources */,
				C4A39B5F172927D9004F7282 /* HPPtrIsViewController.m in Sources */,
				C4A39B76172A88D1004F7282 /* HPToast.m in Sources */,
			);
			runOnlyForDeploymentPostprocessing = 0;
		};
/* End PBXSourcesBuildPhase section */

/* Begin XCBuildConfiguration section */
		F01A59F51716EDB50000DD94 /* Debug */ = {
			isa = XCBuildConfiguration;
			buildSettings = {
				ALWAYS_SEARCH_USER_PATHS = NO;
				CLANG_CXX_LANGUAGE_STANDARD = "gnu++0x";
				CLANG_CXX_LIBRARY = "libc++";
				CLANG_ENABLE_OBJC_ARC = YES;
				CLANG_WARN_CONSTANT_CONVERSION = YES;
				CLANG_WARN_EMPTY_BODY = YES;
				CLANG_WARN_ENUM_CONVERSION = YES;
				CLANG_WARN_INT_CONVERSION = YES;
				CLANG_WARN__DUPLICATE_METHOD_MATCH = YES;
				COPY_PHASE_STRIP = NO;
				GCC_C_LANGUAGE_STANDARD = gnu99;
				GCC_DYNAMIC_NO_PIC = NO;
				GCC_OPTIMIZATION_LEVEL = 0;
				GCC_PREPROCESSOR_DEFINITIONS = (
					"DEBUG=1",
					"$(inherited)",
				);
				GCC_SYMBOLS_PRIVATE_EXTERN = NO;
				GCC_WARN_ABOUT_RETURN_TYPE = YES;
				GCC_WARN_UNINITIALIZED_AUTOS = YES;
				GCC_WARN_UNUSED_VARIABLE = YES;
				IPHONEOS_DEPLOYMENT_TARGET = 5.0;
				ONLY_ACTIVE_ARCH = YES;
				SDKROOT = iphoneos;
			};
			name = Debug;
		};
		F01A59F61716EDB50000DD94 /* Release */ = {
			isa = XCBuildConfiguration;
			buildSettings = {
				ALWAYS_SEARCH_USER_PATHS = NO;
				CLANG_CXX_LANGUAGE_STANDARD = "gnu++0x";
				CLANG_CXX_LIBRARY = "libc++";
				CLANG_ENABLE_OBJC_ARC = YES;
				CLANG_WARN_CONSTANT_CONVERSION = YES;
				CLANG_WARN_EMPTY_BODY = YES;
				CLANG_WARN_ENUM_CONVERSION = YES;
				CLANG_WARN_INT_CONVERSION = YES;
				CLANG_WARN__DUPLICATE_METHOD_MATCH = YES;
				COPY_PHASE_STRIP = YES;
				GCC_C_LANGUAGE_STANDARD = gnu99;
				GCC_WARN_ABOUT_RETURN_TYPE = YES;
				GCC_WARN_UNINITIALIZED_AUTOS = YES;
				GCC_WARN_UNUSED_VARIABLE = YES;
				IPHONEOS_DEPLOYMENT_TARGET = 5.0;
				SDKROOT = iphoneos;
				VALIDATE_PRODUCT = YES;
			};
			name = Release;
		};
		F01A59F81716EDB50000DD94 /* Debug */ = {
			isa = XCBuildConfiguration;
			buildSettings = {
				DSTROOT = /tmp/HPNativeBridge.dst;
				GCC_PRECOMPILE_PREFIX_HEADER = YES;
				GCC_PREFIX_HEADER = "HPNativeBridge/HPNativeBridge-Prefix.pch";
				OTHER_LDFLAGS = "-ObjC";
				PRODUCT_NAME = "$(TARGET_NAME)";
				SKIP_INSTALL = YES;
			};
			name = Debug;
		};
		F01A59F91716EDB50000DD94 /* Release */ = {
			isa = XCBuildConfiguration;
			buildSettings = {
				DSTROOT = /tmp/HPNativeBridge.dst;
				GCC_PRECOMPILE_PREFIX_HEADER = YES;
				GCC_PREFIX_HEADER = "HPNativeBridge/HPNativeBridge-Prefix.pch";
				OTHER_LDFLAGS = "-ObjC";
				PRODUCT_NAME = "$(TARGET_NAME)";
				SKIP_INSTALL = YES;
			};
			name = Release;
		};
/* End XCBuildConfiguration section */

/* Begin XCConfigurationList section */
		F01A59E41716EDB50000DD94 /* Build configuration list for PBXProject "HPNativeBridge" */ = {
			isa = XCConfigurationList;
			buildConfigurations = (
				F01A59F51716EDB50000DD94 /* Debug */,
				F01A59F61716EDB50000DD94 /* Release */,
			);
			defaultConfigurationIsVisible = 0;
			defaultConfigurationName = Release;
		};
		F01A59F71716EDB50000DD94 /* Build configuration list for PBXNativeTarget "HPNativeBridge" */ = {
			isa = XCConfigurationList;
			buildConfigurations = (
				F01A59F81716EDB50000DD94 /* Debug */,
				F01A59F91716EDB50000DD94 /* Release */,
			);
			defaultConfigurationIsVisible = 0;
			defaultConfigurationName = Release;
		};
/* End XCConfigurationList section */
	};
	rootObject = F01A59E11716EDB50000DD94 /* Project object */;
}
